
Microsoft Visual Studio Solution File, Format Version 12.00
# Visual Studio Version 16
VisualStudioVersion = 16.0.31019.35
MinimumVisualStudioVersion = 10.0.40219.1
Project("{FAE04EC0-301F-11D3-BF4B-00C04F79EFBC}") = "Project_1", "Project_1\Project_1.csproj", "{0F68FB43-3EEC-4408-9A27-4B0DE5A9F7EC}"
EndProject
Global
	GlobalSection(SolutionConfigurationPlatforms) = preSolution
		Debug|Any CPU = Debug|Any CPU
		Release|Any CPU = Release|Any CPU
	EndGlobalSection
	GlobalSection(ProjectConfigurationPlatforms) = postSolution
		{0F68FB43-3EEC-4408-9A27-4B0DE5A9F7EC}.Debug|Any CPU.ActiveCfg = Debug|Any CPU
		{0F68FB43-3EEC-4408-9A27-4B0DE5A9F7EC}.Debug|Any CPU.Build.0 = Debug|Any CPU
		{0F68FB43-3EEC-4408-9A27-4B0DE5A9F7EC}.Release|Any CPU.ActiveCfg = Release|Any CPU
		{0F68FB43-3EEC-4408-9A27-4B0DE5A9F7EC}.Release|Any CPU.Build.0 = Release|Any CPU
	EndGlobalSection
	GlobalSection(SolutionProperties) = preSolution
		HideSolutionNode = FALSE
	EndGlobalSection
	GlobalSection(ExtensibilityGlobals) = postSolution
		SolutionGuid = {84576EE9-16C0-439B-8CA4-FE4C05934BA1}
	EndGlobalSection
EndGlobal
